
Microsoft Visual Studio Solution File, Format Version 12.00
# Visual Studio Version 17
VisualStudioVersion = 17.5.002.0
MinimumVisualStudioVersion = 10.0.40219.1
Project("{9A19103F-16F7-4668-BE54-9A1E7A4F7556}") = "MauiXmlSplitter", "MauiXmlSplitter.csproj", "{B9B53FFF-273F-4EE3-A6EF-66A5B6D5A9C6}"
EndProject
Global
	GlobalSection(SolutionConfigurationPlatforms) = preSolution
		Debug|Any CPU = Debug|Any CPU
		Release|Any CPU = Release|Any CPU
	EndGlobalSection
	GlobalSection(ProjectConfigurationPlatforms) = postSolution
		{B9B53FFF-273F-4EE3-A6EF-66A5B6D5A9C6}.Debug|Any CPU.ActiveCfg = Debug|Any CPU
		{B9B53FFF-273F-4EE3-A6EF-66A5B6D5A9C6}.Debug|Any CPU.Build.0 = Debug|Any CPU
		{B9B53FFF-273F-4EE3-A6EF-66A5B6D5A9C6}.Release|Any CPU.ActiveCfg = Release|Any CPU
		{B9B53FFF-273F-4EE3-A6EF-66A5B6D5A9C6}.Release|Any CPU.Build.0 = Release|Any CPU
	EndGlobalSection
	GlobalSection(SolutionProperties) = preSolution
		HideSolutionNode = FALSE
	EndGlobalSection
	GlobalSection(ExtensibilityGlobals) = postSolution
		SolutionGuid = {B0F3F1BC-84F6-4C02-82DA-57A21CD1F98B}
	EndGlobalSection
EndGlobal
