{
  "name": "MauiXmlSplitter",
  "lockfileVersion": 3,
  "requires": true,
  "packages": {
    "": {
      "dependencies": {
        "@mdi/font": "^7.3.67"
      }
    },
    "node_modules/@mdi/font": {
      "version": "7.3.67",
      "resolved": "https://registry.npmjs.org/@mdi/font/-/font-7.3.67.tgz",
      "integrity": "sha512-SWxvzRbUQRfewlIV+OF4/YF4DkeTjMWoT8Hh9yeU/5UBVdJZj9Uf4a9+cXjknSIhIaMxZ/4N1O/s7ojApOOGjg=="
    }
  }
}
